
Microsoft Visual Studio Solution File, Format Version 12.00
# Visual Studio Version 17
VisualStudioVersion = 17.9.34714.143
MinimumVisualStudioVersion = 10.0.40219.1
Project("{FAE04EC0-301F-11D3-BF4B-00C04F79EFBC}") = "SoccerApp", "SoccerApp\SoccerApp.csproj", "{C736AEB8-7373-4938-B00D-DB6438566DD7}"
EndProject
Global
	GlobalSection(SolutionConfigurationPlatforms) = preSolution
		Debug|Any CPU = Debug|Any CPU
		Release|Any CPU = Release|Any CPU
	EndGlobalSection
	GlobalSection(ProjectConfigurationPlatforms) = postSolution
		{C736AEB8-7373-4938-B00D-DB6438566DD7}.Debug|Any CPU.ActiveCfg = Debug|Any CPU
		{C736AEB8-7373-4938-B00D-DB6438566DD7}.Debug|Any CPU.Build.0 = Debug|Any CPU
		{C736AEB8-7373-4938-B00D-DB6438566DD7}.Release|Any CPU.ActiveCfg = Release|Any CPU
		{C736AEB8-7373-4938-B00D-DB6438566DD7}.Release|Any CPU.Build.0 = Release|Any CPU
	EndGlobalSection
	GlobalSection(SolutionProperties) = preSolution
		HideSolutionNode = FALSE
	EndGlobalSection
	GlobalSection(ExtensibilityGlobals) = postSolution
		SolutionGuid = {DFE78E0F-9FC0-449C-94C8-0F0152CD7757}
	EndGlobalSection
EndGlobal
